
Microsoft Visual Studio Solution File, Format Version 12.00
# Visual Studio Version 17
VisualStudioVersion = 17.11.35312.102
MinimumVisualStudioVersion = 10.0.40219.1
Project("{9A19103F-16F7-4668-BE54-9A1E7A4F7556}") = "Teradyne.Archimedes.DAS.Listener", "Teradyne.Archimedes.DAS.Listener\Teradyne.Archimedes.DAS.Listener.csproj", "{D0F57FCE-2499-4A48-8CB2-0CA549FB6393}"
EndProject
Project("{FAE04EC0-301F-11D3-BF4B-00C04F79EFBC}") = "Teradyne.Archimedes.DAS.Listener.Example", "Teradyne.Archimedes.DAS.Listener.Example\Teradyne.Archimedes.DAS.Listener.Example.csproj", "{496543C2-D874-4E89-AAE0-F8410DD976CB}"
EndProject
Global
	GlobalSection(SolutionConfigurationPlatforms) = preSolution
		Debug|Any CPU = Debug|Any CPU
		Release|Any CPU = Release|Any CPU
	EndGlobalSection
	GlobalSection(ProjectConfigurationPlatforms) = postSolution
		{D0F57FCE-2499-4A48-8CB2-0CA549FB6393}.Debug|Any CPU.ActiveCfg = Debug|Any CPU
		{D0F57FCE-2499-4A48-8CB2-0CA549FB6393}.Debug|Any CPU.Build.0 = Debug|Any CPU
		{D0F57FCE-2499-4A48-8CB2-0CA549FB6393}.Release|Any CPU.ActiveCfg = Release|Any CPU
		{D0F57FCE-2499-4A48-8CB2-0CA549FB6393}.Release|Any CPU.Build.0 = Release|Any CPU
		{496543C2-D874-4E89-AAE0-F8410DD976CB}.Debug|Any CPU.ActiveCfg = Debug|Any CPU
		{496543C2-D874-4E89-AAE0-F8410DD976CB}.Debug|Any CPU.Build.0 = Debug|Any CPU
		{496543C2-D874-4E89-AAE0-F8410DD976CB}.Release|Any CPU.ActiveCfg = Release|Any CPU
		{496543C2-D874-4E89-AAE0-F8410DD976CB}.Release|Any CPU.Build.0 = Release|Any CPU
	EndGlobalSection
	GlobalSection(SolutionProperties) = preSolution
		HideSolutionNode = FALSE
	EndGlobalSection
	GlobalSection(ExtensibilityGlobals) = postSolution
		SolutionGuid = {B173847E-FD9D-4E50-8A7A-29C1ABEA0442}
	EndGlobalSection
EndGlobal
