
Microsoft Visual Studio Solution File, Format Version 12.00
# Visual Studio Version 17
VisualStudioVersion = 17.11.35312.102
MinimumVisualStudioVersion = 10.0.40219.1
Project("{9A19103F-16F7-4668-BE54-9A1E7A4F7556}") = "Adaptive", "Adaptive\Adaptive.csproj", "{AFB1CB20-701D-4186-BE14-2BC98CAE2B2B}"
EndProject
Project("{FAE04EC0-301F-11D3-BF4B-00C04F79EFBC}") = "Example", "Example\Example.csproj", "{E12819D7-3145-439E-BF6A-70808B16ABDB}"
EndProject
Global
	GlobalSection(SolutionConfigurationPlatforms) = preSolution
		Debug|Any CPU = Debug|Any CPU
		Release|Any CPU = Release|Any CPU
	EndGlobalSection
	GlobalSection(ProjectConfigurationPlatforms) = postSolution
		{AFB1CB20-701D-4186-BE14-2BC98CAE2B2B}.Debug|Any CPU.ActiveCfg = Debug|Any CPU
		{AFB1CB20-701D-4186-BE14-2BC98CAE2B2B}.Debug|Any CPU.Build.0 = Debug|Any CPU
		{AFB1CB20-701D-4186-BE14-2BC98CAE2B2B}.Release|Any CPU.ActiveCfg = Release|Any CPU
		{AFB1CB20-701D-4186-BE14-2BC98CAE2B2B}.Release|Any CPU.Build.0 = Release|Any CPU
		{E12819D7-3145-439E-BF6A-70808B16ABDB}.Debug|Any CPU.ActiveCfg = Debug|Any CPU
		{E12819D7-3145-439E-BF6A-70808B16ABDB}.Debug|Any CPU.Build.0 = Debug|Any CPU
		{E12819D7-3145-439E-BF6A-70808B16ABDB}.Release|Any CPU.ActiveCfg = Release|Any CPU
		{E12819D7-3145-439E-BF6A-70808B16ABDB}.Release|Any CPU.Build.0 = Release|Any CPU
	EndGlobalSection
	GlobalSection(SolutionProperties) = preSolution
		HideSolutionNode = FALSE
	EndGlobalSection
	GlobalSection(ExtensibilityGlobals) = postSolution
		SolutionGuid = {791E5B62-A4C6-4AF5-8CA9-E4A5AD9D9DD8}
	EndGlobalSection
EndGlobal
